
Microsoft Visual Studio Solution File, Format Version 12.00
# Visual Studio 2012
Project("{FAE04EC0-301F-11D3-BF4B-00C04F79EFBC}") = "WebFormResearch", "WebFormResearch\WebFormResearch.csproj", "{918B3FB3-70D0-4D17-9105-595EA34ED932}"
EndProject
Global
	GlobalSection(TeamFoundationVersionControl) = preSolution
		SccNumberOfProjects = 2
		SccEnterpriseProvider = {4CA58AB2-18FA-4F8D-95D4-32DDF27D184C}
		SccTeamFoundationServer = https://tfs.codeplex.com/tfs/tfs13
		SccLocalPath0 = .
		SccProjectUniqueName1 = WebFormResearch\\WebFormResearch.csproj
		SccProjectName1 = WebFormResearch
		SccLocalPath1 = WebFormResearch
	EndGlobalSection
	GlobalSection(SolutionConfigurationPlatforms) = preSolution
		Debug|Any CPU = Debug|Any CPU
		Release|Any CPU = Release|Any CPU
	EndGlobalSection
	GlobalSection(ProjectConfigurationPlatforms) = postSolution
		{918B3FB3-70D0-4D17-9105-595EA34ED932}.Debug|Any CPU.ActiveCfg = Debug|Any CPU
		{918B3FB3-70D0-4D17-9105-595EA34ED932}.Debug|Any CPU.Build.0 = Debug|Any CPU
		{918B3FB3-70D0-4D17-9105-595EA34ED932}.Release|Any CPU.ActiveCfg = Release|Any CPU
		{918B3FB3-70D0-4D17-9105-595EA34ED932}.Release|Any CPU.Build.0 = Release|Any CPU
	EndGlobalSection
	GlobalSection(SolutionProperties) = preSolution
		HideSolutionNode = FALSE
	EndGlobalSection
EndGlobal
